
Microsoft Visual Studio Solution File, Format Version 12.00
# Visual Studio Version 17
VisualStudioVersion = 17.14.36518.9 d17.14
MinimumVisualStudioVersion = 10.0.40219.1
Project("{8BC9CEB8-8B4A-11D0-8D11-00A0C91BC942}") = "Artefact", "Artefact.vcxproj", "{CC5B744A-E43C-41FD-A68C-D2BE350D9E99}"
EndProject
Global
	GlobalSection(SolutionConfigurationPlatforms) = preSolution
		Debug|x64 = Debug|x64
		Debug|x86 = Debug|x86
		Release|x64 = Release|x64
		Release|x86 = Release|x86
	EndGlobalSection
	GlobalSection(ProjectConfigurationPlatforms) = postSolution
		{CC5B744A-E43C-41FD-A68C-D2BE350D9E99}.Debug|x64.ActiveCfg = Debug|x64
		{CC5B744A-E43C-41FD-A68C-D2BE350D9E99}.Debug|x64.Build.0 = Debug|x64
		{CC5B744A-E43C-41FD-A68C-D2BE350D9E99}.Debug|x86.ActiveCfg = Debug|Win32
		{CC5B744A-E43C-41FD-A68C-D2BE350D9E99}.Debug|x86.Build.0 = Debug|Win32
		{CC5B744A-E43C-41FD-A68C-D2BE350D9E99}.Release|x64.ActiveCfg = Release|x64
		{CC5B744A-E43C-41FD-A68C-D2BE350D9E99}.Release|x64.Build.0 = Release|x64
		{CC5B744A-E43C-41FD-A68C-D2BE350D9E99}.Release|x86.ActiveCfg = Release|Win32
		{CC5B744A-E43C-41FD-A68C-D2BE350D9E99}.Release|x86.Build.0 = Release|Win32
	EndGlobalSection
	GlobalSection(SolutionProperties) = preSolution
		HideSolutionNode = FALSE
	EndGlobalSection
	GlobalSection(ExtensibilityGlobals) = postSolution
		SolutionGuid = {095D1D0F-61B8-4C69-A5AA-B9F1581E2CDF}
	EndGlobalSection
EndGlobal
